// !$*UTF8*$!
{
	archiveVersion = 1;
	classes = {
	};
	objectVersion = 77;
	objects = {

/* Begin PBXBuildFile section */
		682F5CBC2DAB743700CD5875 /* GRStartView.swift in Sources */ = {isa = PBXBuildFile; fileRef = 682F5CB82DAB743700CD5875 /* GRStartView.swift */; };
		682F5CBD2DAB743700CD5875 /* GhostRingApp.swift in Sources */ = {isa = PBXBuildFile; fileRef = 682F5CB92DAB743700CD5875 /* GhostRingApp.swift */; };
		682F5CBF2DAB743700CD5875 /* Assets.xcassets in Resources */ = {isa = PBXBuildFile; fileRef = 682F5CB72DAB743700CD5875 /* Assets.xcassets */; };
		682F5D252DAF908100CD5875 /* GRConcentrationView.swift in Sources */ = {isa = PBXBuildFile; fileRef = 682F5D242DAF908000CD5875 /* GRConcentrationView.swift */; };
		682F5D292DAFA14A00CD5875 /* GRPopOver.swift in Sources */ = {isa = PBXBuildFile; fileRef = 682F5D282DAFA14700CD5875 /* GRPopOver.swift */; };
		682F5D2B2DB0053E00CD5875 /* GRLaunchScreenView.swift in Sources */ = {isa = PBXBuildFile; fileRef = 682F5D2A2DB0052900CD5875 /* GRLaunchScreenView.swift */; };
		682F5D2D2DB0E41A00CD5875 /* GRNeonRingView.swift in Sources */ = {isa = PBXBuildFile; fileRef = 682F5D2C2DB0E40E00CD5875 /* GRNeonRingView.swift */; };
		682F5D2F2DB13EAD00CD5875 /* GRParticleView.swift in Sources */ = {isa = PBXBuildFile; fileRef = 682F5D2E2DB13E9700CD5875 /* GRParticleView.swift */; };
		682F5D372DB1554400CD5875 /* GRSessionManager.swift in Sources */ = {isa = PBXBuildFile; fileRef = 682F5D362DB1554000CD5875 /* GRSessionManager.swift */; };
		682F5D3B2DB16B0F00CD5875 /* GRModel.swift in Sources */ = {isa = PBXBuildFile; fileRef = 682F5D3A2DB16B0B00CD5875 /* GRModel.swift */; };
		686983EE2DB3C52F00BA1D5C /* GRSummaryView.swift in Sources */ = {isa = PBXBuildFile; fileRef = 686983ED2DB3C52D00BA1D5C /* GRSummaryView.swift */; };
		686983F02DB3C56400BA1D5C /* GRActivityListView.swift in Sources */ = {isa = PBXBuildFile; fileRef = 686983EF2DB3C56300BA1D5C /* GRActivityListView.swift */; };
/* End PBXBuildFile section */

/* Begin PBXFileReference section */
		682F5CA72DAB70F700CD5875 /* GhostRing.app */ = {isa = PBXFileReference; explicitFileType = wrapper.application; includeInIndex = 0; path = GhostRing.app; sourceTree = BUILT_PRODUCTS_DIR; };
		682F5CB72DAB743700CD5875 /* Assets.xcassets */ = {isa = PBXFileReference; lastKnownFileType = folder.assetcatalog; path = Assets.xcassets; sourceTree = "<group>"; };
		682F5CB82DAB743700CD5875 /* GRStartView.swift */ = {isa = PBXFileReference; lastKnownFileType = sourcecode.swift; path = GRStartView.swift; sourceTree = "<group>"; };
		682F5CB92DAB743700CD5875 /* GhostRingApp.swift */ = {isa = PBXFileReference; lastKnownFileType = sourcecode.swift; path = GhostRingApp.swift; sourceTree = "<group>"; };
		682F5D242DAF908000CD5875 /* GRConcentrationView.swift */ = {isa = PBXFileReference; lastKnownFileType = sourcecode.swift; path = GRConcentrationView.swift; sourceTree = "<group>"; };
		682F5D282DAFA14700CD5875 /* GRPopOver.swift */ = {isa = PBXFileReference; lastKnownFileType = sourcecode.swift; path = GRPopOver.swift; sourceTree = "<group>"; };
		682F5D2A2DB0052900CD5875 /* GRLaunchScreenView.swift */ = {isa = PBXFileReference; lastKnownFileType = sourcecode.swift; path = GRLaunchScreenView.swift; sourceTree = "<group>"; };
		682F5D2C2DB0E40E00CD5875 /* GRNeonRingView.swift */ = {isa = PBXFileReference; lastKnownFileType = sourcecode.swift; path = GRNeonRingView.swift; sourceTree = "<group>"; };
		682F5D2E2DB13E9700CD5875 /* GRParticleView.swift */ = {isa = PBXFileReference; lastKnownFileType = sourcecode.swift; path = GRParticleView.swift; sourceTree = "<group>"; };
		682F5D362DB1554000CD5875 /* GRSessionManager.swift */ = {isa = PBXFileReference; lastKnownFileType = sourcecode.swift; path = GRSessionManager.swift; sourceTree = "<group>"; };
		682F5D3A2DB16B0B00CD5875 /* GRModel.swift */ = {isa = PBXFileReference; lastKnownFileType = sourcecode.swift; path = GRModel.swift; sourceTree = "<group>"; };
		686983ED2DB3C52D00BA1D5C /* GRSummaryView.swift */ = {isa = PBXFileReference; lastKnownFileType = sourcecode.swift; path = GRSummaryView.swift; sourceTree = "<group>"; };
		686983EF2DB3C56300BA1D5C /* GRActivityListView.swift */ = {isa = PBXFileReference; lastKnownFileType = sourcecode.swift; path = GRActivityListView.swift; sourceTree = "<group>"; };
/* End PBXFileReference section */

/* Begin PBXFrameworksBuildPhase section */
		682F5CA42DAB70F700CD5875 /* Frameworks */ = {
			isa = PBXFrameworksBuildPhase;
			buildActionMask = 2147483647;
			files = (
			);
			runOnlyForDeploymentPostprocessing = 0;
		};
/* End PBXFrameworksBuildPhase section */

/* Begin PBXGroup section */
		682F5C9E2DAB70F700CD5875 = {
			isa = PBXGroup;
			children = (
				682F5CBB2DAB743700CD5875 /* GhostRing */,
				682F5CA82DAB70F700CD5875 /* Products */,
			);
			sourceTree = "<group>";
		};
		682F5CA82DAB70F700CD5875 /* Products */ = {
			isa = PBXGroup;
			children = (
				682F5CA72DAB70F700CD5875 /* GhostRing.app */,
			);
			name = Products;
			sourceTree = "<group>";
		};
		682F5CBB2DAB743700CD5875 /* GhostRing */ = {
			isa = PBXGroup;
			children = (
				682F5D3A2DB16B0B00CD5875 /* GRModel.swift */,
				682F5CB92DAB743700CD5875 /* GhostRingApp.swift */,
				682F5D2A2DB0052900CD5875 /* GRLaunchScreenView.swift */,
				682F5CB82DAB743700CD5875 /* GRStartView.swift */,
				682F5D2C2DB0E40E00CD5875 /* GRNeonRingView.swift */,
				682F5D2E2DB13E9700CD5875 /* GRParticleView.swift */,
				682F5D242DAF908000CD5875 /* GRConcentrationView.swift */,
				686983ED2DB3C52D00BA1D5C /* GRSummaryView.swift */,
				686983EF2DB3C56300BA1D5C /* GRActivityListView.swift */,
				682F5D362DB1554000CD5875 /* GRSessionManager.swift */,
				682F5D282DAFA14700CD5875 /* GRPopOver.swift */,
				682F5CB72DAB743700CD5875 /* Assets.xcassets */,
			);
			path = GhostRing;
			sourceTree = "<group>";
		};
/* End PBXGroup section */

/* Begin PBXNativeTarget section */
		682F5CA62DAB70F700CD5875 /* GhostRing */ = {
			isa = PBXNativeTarget;
			buildConfigurationList = 682F5CB42DAB70F800CD5875 /* Build configuration list for PBXNativeTarget "GhostRing" */;
			buildPhases = (
				682F5CA32DAB70F700CD5875 /* Sources */,
				682F5CA42DAB70F700CD5875 /* Frameworks */,
				682F5CA52DAB70F700CD5875 /* Resources */,
			);
			buildRules = (
			);
			dependencies = (
			);
			name = GhostRing;
			packageProductDependencies = (
			);
			productName = GhostRing;
			productReference = 682F5CA72DAB70F700CD5875 /* GhostRing.app */;
			productType = "com.apple.product-type.application";
		};
/* End PBXNativeTarget section */

/* Begin PBXProject section */
		682F5C9F2DAB70F700CD5875 /* Project object */ = {
			isa = PBXProject;
			attributes = {
				BuildIndependentTargetsInParallel = 1;
				LastSwiftUpdateCheck = 1630;
				LastUpgradeCheck = 1630;
				TargetAttributes = {
					682F5CA62DAB70F700CD5875 = {
						CreatedOnToolsVersion = 16.3;
					};
				};
			};
			buildConfigurationList = 682F5CA22DAB70F700CD5875 /* Build configuration list for PBXProject "GhostRing" */;
			developmentRegion = en;
			hasScannedForEncodings = 0;
			knownRegions = (
				en,
				Base,
			);
			mainGroup = 682F5C9E2DAB70F700CD5875;
			minimizedProjectReferenceProxies = 1;
			preferredProjectObjectVersion = 77;
			productRefGroup = 682F5CA82DAB70F700CD5875 /* Products */;
			projectDirPath = "";
			projectRoot = "";
			targets = (
				682F5CA62DAB70F700CD5875 /* GhostRing */,
			);
		};
/* End PBXProject section */

/* Begin PBXResourcesBuildPhase section */
		682F5CA52DAB70F700CD5875 /* Resources */ = {
			isa = PBXResourcesBuildPhase;
			buildActionMask = 2147483647;
			files = (
				682F5CBF2DAB743700CD5875 /* Assets.xcassets in Resources */,
			);
			runOnlyForDeploymentPostprocessing = 0;
		};
/* End PBXResourcesBuildPhase section */

/* Begin PBXSourcesBuildPhase section */
		682F5CA32DAB70F700CD5875 /* Sources */ = {
			isa = PBXSourcesBuildPhase;
			buildActionMask = 2147483647;
			files = (
				686983F02DB3C56400BA1D5C /* GRActivityListView.swift in Sources */,
				682F5D2D2DB0E41A00CD5875 /* GRNeonRingView.swift in Sources */,
				682F5CBC2DAB743700CD5875 /* GRStartView.swift in Sources */,
				686983EE2DB3C52F00BA1D5C /* GRSummaryView.swift in Sources */,
				682F5D2B2DB0053E00CD5875 /* GRLaunchScreenView.swift in Sources */,
				682F5D372DB1554400CD5875 /* GRSessionManager.swift in Sources */,
				682F5D292DAFA14A00CD5875 /* GRPopOver.swift in Sources */,
				682F5CBD2DAB743700CD5875 /* GhostRingApp.swift in Sources */,
				682F5D252DAF908100CD5875 /* GRConcentrationView.swift in Sources */,
				682F5D3B2DB16B0F00CD5875 /* GRModel.swift in Sources */,
				682F5D2F2DB13EAD00CD5875 /* GRParticleView.swift in Sources */,
			);
			runOnlyForDeploymentPostprocessing = 0;
		};
/* End PBXSourcesBuildPhase section */

/* Begin XCBuildConfiguration section */
		682F5CB22DAB70F800CD5875 /* Debug */ = {
			isa = XCBuildConfiguration;
			buildSettings = {
				ALWAYS_SEARCH_USER_PATHS = NO;
				ASSETCATALOG_COMPILER_GENERATE_SWIFT_ASSET_SYMBOL_EXTENSIONS = YES;
				CLANG_ANALYZER_NONNULL = YES;
				CLANG_ANALYZER_NUMBER_OBJECT_CONVERSION = YES_AGGRESSIVE;
				CLANG_CXX_LANGUAGE_STANDARD = "gnu++20";
				CLANG_ENABLE_MODULES = YES;
				CLANG_ENABLE_OBJC_ARC = YES;
				CLANG_ENABLE_OBJC_WEAK = YES;
				CLANG_WARN_BLOCK_CAPTURE_AUTORELEASING = YES;
				CLANG_WARN_BOOL_CONVERSION = YES;
				CLANG_WARN_COMMA = YES;
				CLANG_WARN_CONSTANT_CONVERSION = YES;
				CLANG_WARN_DEPRECATED_OBJC_IMPLEMENTATIONS = YES;
				CLANG_WARN_DIRECT_OBJC_ISA_USAGE = YES_ERROR;
				CLANG_WARN_DOCUMENTATION_COMMENTS = YES;
				CLANG_WARN_EMPTY_BODY = YES;
				CLANG_WARN_ENUM_CONVERSION = YES;
				CLANG_WARN_INFINITE_RECURSION = YES;
				CLANG_WARN_INT_CONVERSION = YES;
				CLANG_WARN_NON_LITERAL_NULL_CONVERSION = YES;
				CLANG_WARN_OBJC_IMPLICIT_RETAIN_SELF = YES;
				CLANG_WARN_OBJC_LITERAL_CONVERSION = YES;
				CLANG_WARN_OBJC_ROOT_CLASS = YES_ERROR;
				CLANG_WARN_QUOTED_INCLUDE_IN_FRAMEWORK_HEADER = YES;
				CLANG_WARN_RANGE_LOOP_ANALYSIS = YES;
				CLANG_WARN_STRICT_PROTOTYPES = YES;
				CLANG_WARN_SUSPICIOUS_MOVE = YES;
				CLANG_WARN_UNGUARDED_AVAILABILITY = YES_AGGRESSIVE;
				CLANG_WARN_UNREACHABLE_CODE = YES;
				CLANG_WARN__DUPLICATE_METHOD_MATCH = YES;
				COPY_PHASE_STRIP = NO;
				DEBUG_INFORMATION_FORMAT = dwarf;
				DEVELOPMENT_TEAM = 5Z8G42AVKD;
				ENABLE_STRICT_OBJC_MSGSEND = YES;
				ENABLE_TESTABILITY = YES;
				ENABLE_USER_SCRIPT_SANDBOXING = YES;
				GCC_C_LANGUAGE_STANDARD = gnu17;
				GCC_DYNAMIC_NO_PIC = NO;
				GCC_NO_COMMON_BLOCKS = YES;
				GCC_OPTIMIZATION_LEVEL = 0;
				GCC_PREPROCESSOR_DEFINITIONS = (
					"DEBUG=1",
					"$(inherited)",
				);
				GCC_WARN_64_TO_32_BIT_CONVERSION = YES;
				GCC_WARN_ABOUT_RETURN_TYPE = YES_ERROR;
				GCC_WARN_UNDECLARED_SELECTOR = YES;
				GCC_WARN_UNINITIALIZED_AUTOS = YES_AGGRESSIVE;
				GCC_WARN_UNUSED_FUNCTION = YES;
				GCC_WARN_UNUSED_VARIABLE = YES;
				IPHONEOS_DEPLOYMENT_TARGET = 18.4;
				LOCALIZATION_PREFERS_STRING_CATALOGS = YES;
				MTL_ENABLE_DEBUG_INFO = INCLUDE_SOURCE;
				MTL_FAST_MATH = YES;
				ONLY_ACTIVE_ARCH = YES;
				SDKROOT = iphoneos;
				SWIFT_ACTIVE_COMPILATION_CONDITIONS = "DEBUG $(inherited)";
				SWIFT_OPTIMIZATION_LEVEL = "-Onone";
			};
			name = Debug;
		};
		682F5CB32DAB70F800CD5875 /* Release */ = {
			isa = XCBuildConfiguration;
			buildSettings = {
				ALWAYS_SEARCH_USER_PATHS = NO;
				ASSETCATALOG_COMPILER_GENERATE_SWIFT_ASSET_SYMBOL_EXTENSIONS = YES;
				CLANG_ANALYZER_NONNULL = YES;
				CLANG_ANALYZER_NUMBER_OBJECT_CONVERSION = YES_AGGRESSIVE;
				CLANG_CXX_LANGUAGE_STANDARD = "gnu++20";
				CLANG_ENABLE_MODULES = YES;
				CLANG_ENABLE_OBJC_ARC = YES;
				CLANG_ENABLE_OBJC_WEAK = YES;
				CLANG_WARN_BLOCK_CAPTURE_AUTORELEASING = YES;
				CLANG_WARN_BOOL_CONVERSION = YES;
				CLANG_WARN_COMMA = YES;
				CLANG_WARN_CONSTANT_CONVERSION = YES;
				CLANG_WARN_DEPRECATED_OBJC_IMPLEMENTATIONS = YES;
				CLANG_WARN_DIRECT_OBJC_ISA_USAGE = YES_ERROR;
				CLANG_WARN_DOCUMENTATION_COMMENTS = YES;
				CLANG_WARN_EMPTY_BODY = YES;
				CLANG_WARN_ENUM_CONVERSION = YES;
				CLANG_WARN_INFINITE_RECURSION = YES;
				CLANG_WARN_INT_CONVERSION = YES;
				CLANG_WARN_NON_LITERAL_NULL_CONVERSION = YES;
				CLANG_WARN_OBJC_IMPLICIT_RETAIN_SELF = YES;
				CLANG_WARN_OBJC_LITERAL_CONVERSION = YES;
				CLANG_WARN_OBJC_ROOT_CLASS = YES_ERROR;
				CLANG_WARN_QUOTED_INCLUDE_IN_FRAMEWORK_HEADER = YES;
				CLANG_WARN_RANGE_LOOP_ANALYSIS = YES;
				CLANG_WARN_STRICT_PROTOTYPES = YES;
				CLANG_WARN_SUSPICIOUS_MOVE = YES;
				CLANG_WARN_UNGUARDED_AVAILABILITY = YES_AGGRESSIVE;
				CLANG_WARN_UNREACHABLE_CODE = YES;
				CLANG_WARN__DUPLICATE_METHOD_MATCH = YES;
				COPY_PHASE_STRIP = NO;
				DEBUG_INFORMATION_FORMAT = "dwarf-with-dsym";
				DEVELOPMENT_TEAM = 5Z8G42AVKD;
				ENABLE_NS_ASSERTIONS = NO;
				ENABLE_STRICT_OBJC_MSGSEND = YES;
				ENABLE_USER_SCRIPT_SANDBOXING = YES;
				GCC_C_LANGUAGE_STANDARD = gnu17;
				GCC_NO_COMMON_BLOCKS = YES;
				GCC_WARN_64_TO_32_BIT_CONVERSION = YES;
				GCC_WARN_ABOUT_RETURN_TYPE = YES_ERROR;
				GCC_WARN_UNDECLARED_SELECTOR = YES;
				GCC_WARN_UNINITIALIZED_AUTOS = YES_AGGRESSIVE;
				GCC_WARN_UNUSED_FUNCTION = YES;
				GCC_WARN_UNUSED_VARIABLE = YES;
				IPHONEOS_DEPLOYMENT_TARGET = 18.4;
				LOCALIZATION_PREFERS_STRING_CATALOGS = YES;
				MTL_ENABLE_DEBUG_INFO = NO;
				MTL_FAST_MATH = YES;
				SDKROOT = iphoneos;
				SWIFT_COMPILATION_MODE = wholemodule;
				VALIDATE_PRODUCT = YES;
			};
			name = Release;
		};
		682F5CB52DAB70F800CD5875 /* Debug */ = {
			isa = XCBuildConfiguration;
			buildSettings = {
				ASSETCATALOG_COMPILER_APPICON_NAME = AppIcon;
				ASSETCATALOG_COMPILER_GLOBAL_ACCENT_COLOR_NAME = AccentColor;
				CODE_SIGN_STYLE = Automatic;
				CURRENT_PROJECT_VERSION = 1;
				DEVELOPMENT_TEAM = 5Z8G42AVKD;
				ENABLE_PREVIEWS = YES;
				GENERATE_INFOPLIST_FILE = YES;
				INFOPLIST_KEY_UIApplicationSceneManifest_Generation = YES;
				INFOPLIST_KEY_UIApplicationSupportsIndirectInputEvents = YES;
				INFOPLIST_KEY_UILaunchScreen_Generation = YES;
				INFOPLIST_KEY_UISupportedInterfaceOrientations_iPad = "UIInterfaceOrientationPortrait UIInterfaceOrientationPortraitUpsideDown UIInterfaceOrientationLandscapeLeft UIInterfaceOrientationLandscapeRight";
				INFOPLIST_KEY_UISupportedInterfaceOrientations_iPhone = "UIInterfaceOrientationPortrait UIInterfaceOrientationLandscapeLeft UIInterfaceOrientationLandscapeRight";
				LD_RUNPATH_SEARCH_PATHS = (
					"$(inherited)",
					"@executable_path/Frameworks",
				);
				MARKETING_VERSION = 1.0;
				PRODUCT_BUNDLE_IDENTIFIER = exam.GhostRing;
				PRODUCT_NAME = "$(TARGET_NAME)";
				SWIFT_EMIT_LOC_STRINGS = YES;
				SWIFT_VERSION = 5.0;
				TARGETED_DEVICE_FAMILY = "1,2";
			};
			name = Debug;
		};
		682F5CB62DAB70F800CD5875 /* Release */ = {
			isa = XCBuildConfiguration;
			buildSettings = {
				ASSETCATALOG_COMPILER_APPICON_NAME = AppIcon;
				ASSETCATALOG_COMPILER_GLOBAL_ACCENT_COLOR_NAME = AccentColor;
				CODE_SIGN_STYLE = Automatic;
				CURRENT_PROJECT_VERSION = 1;
				DEVELOPMENT_TEAM = 5Z8G42AVKD;
				ENABLE_PREVIEWS = YES;
				GENERATE_INFOPLIST_FILE = YES;
				INFOPLIST_KEY_UIApplicationSceneManifest_Generation = YES;
				INFOPLIST_KEY_UIApplicationSupportsIndirectInputEvents = YES;
				INFOPLIST_KEY_UILaunchScreen_Generation = YES;
				INFOPLIST_KEY_UISupportedInterfaceOrientations_iPad = "UIInterfaceOrientationPortrait UIInterfaceOrientationPortraitUpsideDown UIInterfaceOrientationLandscapeLeft UIInterfaceOrientationLandscapeRight";
				INFOPLIST_KEY_UISupportedInterfaceOrientations_iPhone = "UIInterfaceOrientationPortrait UIInterfaceOrientationLandscapeLeft UIInterfaceOrientationLandscapeRight";
				LD_RUNPATH_SEARCH_PATHS = (
					"$(inherited)",
					"@executable_path/Frameworks",
				);
				MARKETING_VERSION = 1.0;
				PRODUCT_BUNDLE_IDENTIFIER = exam.GhostRing;
				PRODUCT_NAME = "$(TARGET_NAME)";
				SWIFT_EMIT_LOC_STRINGS = YES;
				SWIFT_VERSION = 5.0;
				TARGETED_DEVICE_FAMILY = "1,2";
			};
			name = Release;
		};
/* End XCBuildConfiguration section */

/* Begin XCConfigurationList section */
		682F5CA22DAB70F700CD5875 /* Build configuration list for PBXProject "GhostRing" */ = {
			isa = XCConfigurationList;
			buildConfigurations = (
				682F5CB22DAB70F800CD5875 /* Debug */,
				682F5CB32DAB70F800CD5875 /* Release */,
			);
			defaultConfigurationIsVisible = 0;
			defaultConfigurationName = Release;
		};
		682F5CB42DAB70F800CD5875 /* Build configuration list for PBXNativeTarget "GhostRing" */ = {
			isa = XCConfigurationList;
			buildConfigurations = (
				682F5CB52DAB70F800CD5875 /* Debug */,
				682F5CB62DAB70F800CD5875 /* Release */,
			);
			defaultConfigurationIsVisible = 0;
			defaultConfigurationName = Release;
		};
/* End XCConfigurationList section */
	};
	rootObject = 682F5C9F2DAB70F700CD5875 /* Project object */;
}
